<Solution>
  <Folder Name="/src/">
    <Project Path="src/Testcontainers.Chroma/Testcontainers.Chroma.csproj" />
  </Folder>
  <Folder Name="/tests/">
    <Project Path="tests/Testcontainers.Commons/Testcontainers.Commons.csproj" />
    <Project Path="tests/Testcontainers.Chroma.Tests/Testcontainers.Chroma.Tests.csproj" />
  </Folder>
</Solution>
